
Microsoft Visual Studio Solution File, Format Version 12.00
# Visual Studio Version 17
VisualStudioVersion = 17.8.34511.84
MinimumVisualStudioVersion = 10.0.40219.1
Project("{FAE04EC0-301F-11D3-BF4B-00C04F79EFBC}") = "Game", "Game\Game.csproj", "{B673B468-00EF-4E8B-876E-E377103FFE67}"
EndProject
Project("{FAE04EC0-301F-11D3-BF4B-00C04F79EFBC}") = "GameTests", "GameTests\GameTests.csproj", "{1BC32DDE-A87F-4ED1-90E7-4777929BE9D7}"
EndProject
Global
	GlobalSection(SolutionConfigurationPlatforms) = preSolution
		Debug|Any CPU = Debug|Any CPU
		Release|Any CPU = Release|Any CPU
	EndGlobalSection
	GlobalSection(ProjectConfigurationPlatforms) = postSolution
		{B673B468-00EF-4E8B-876E-E377103FFE67}.Debug|Any CPU.ActiveCfg = Debug|Any CPU
		{B673B468-00EF-4E8B-876E-E377103FFE67}.Debug|Any CPU.Build.0 = Debug|Any CPU
		{B673B468-00EF-4E8B-876E-E377103FFE67}.Release|Any CPU.ActiveCfg = Release|Any CPU
		{B673B468-00EF-4E8B-876E-E377103FFE67}.Release|Any CPU.Build.0 = Release|Any CPU
		{1BC32DDE-A87F-4ED1-90E7-4777929BE9D7}.Debug|Any CPU.ActiveCfg = Debug|Any CPU
		{1BC32DDE-A87F-4ED1-90E7-4777929BE9D7}.Debug|Any CPU.Build.0 = Debug|Any CPU
		{1BC32DDE-A87F-4ED1-90E7-4777929BE9D7}.Release|Any CPU.ActiveCfg = Release|Any CPU
		{1BC32DDE-A87F-4ED1-90E7-4777929BE9D7}.Release|Any CPU.Build.0 = Release|Any CPU
	EndGlobalSection
	GlobalSection(SolutionProperties) = preSolution
		HideSolutionNode = FALSE
	EndGlobalSection
	GlobalSection(ExtensibilityGlobals) = postSolution
		SolutionGuid = {6E7F0600-C575-4083-B2B7-CBD62BE9D71E}
	EndGlobalSection
EndGlobal
